
Microsoft Visual Studio Solution File, Format Version 12.00
# Visual Studio Version 16
VisualStudioVersion = 16.0.29306.81
MinimumVisualStudioVersion = 10.0.40219.1
Project("{FAE04EC0-301F-11D3-BF4B-00C04F79EFBC}") = "OverloadedOps", "OverloadedOps.csproj", "{3C78E2D3-42DB-412B-B54E-4657F3260C55}"
EndProject
Global
	GlobalSection(SolutionConfigurationPlatforms) = preSolution
		Debug|Any CPU = Debug|Any CPU
		Release|Any CPU = Release|Any CPU
	EndGlobalSection
	GlobalSection(ProjectConfigurationPlatforms) = postSolution
		{3C78E2D3-42DB-412B-B54E-4657F3260C55}.Debug|Any CPU.ActiveCfg = Debug|Any CPU
		{3C78E2D3-42DB-412B-B54E-4657F3260C55}.Debug|Any CPU.Build.0 = Debug|Any CPU
		{3C78E2D3-42DB-412B-B54E-4657F3260C55}.Release|Any CPU.ActiveCfg = Release|Any CPU
		{3C78E2D3-42DB-412B-B54E-4657F3260C55}.Release|Any CPU.Build.0 = Release|Any CPU
	EndGlobalSection
	GlobalSection(SolutionProperties) = preSolution
		HideSolutionNode = FALSE
	EndGlobalSection
	GlobalSection(ExtensibilityGlobals) = postSolution
		SolutionGuid = {8B64AD01-597E-4DFF-A12A-83C701F65EA2}
	EndGlobalSection
EndGlobal
